
Microsoft Visual Studio Solution File, Format Version 12.00
# Visual Studio 15
VisualStudioVersion = 15.0.28307.1000
MinimumVisualStudioVersion = 10.0.40219.1
Project("{FAE04EC0-301F-11D3-BF4B-00C04F79EFBC}") = "WhaleComicsDataBase", "WhaleComicsDataBase\WhaleComicsDataBase.csproj", "{D83B3A18-B174-48C6-A33B-CF625BA04A92}"
EndProject
Global
	GlobalSection(SolutionConfigurationPlatforms) = preSolution
		Debug|Any CPU = Debug|Any CPU
		Release|Any CPU = Release|Any CPU
	EndGlobalSection
	GlobalSection(ProjectConfigurationPlatforms) = postSolution
		{D83B3A18-B174-48C6-A33B-CF625BA04A92}.Debug|Any CPU.ActiveCfg = Debug|Any CPU
		{D83B3A18-B174-48C6-A33B-CF625BA04A92}.Debug|Any CPU.Build.0 = Debug|Any CPU
		{D83B3A18-B174-48C6-A33B-CF625BA04A92}.Release|Any CPU.ActiveCfg = Release|Any CPU
		{D83B3A18-B174-48C6-A33B-CF625BA04A92}.Release|Any CPU.Build.0 = Release|Any CPU
	EndGlobalSection
	GlobalSection(SolutionProperties) = preSolution
		HideSolutionNode = FALSE
	EndGlobalSection
	GlobalSection(ExtensibilityGlobals) = postSolution
		SolutionGuid = {F8AE2120-7891-4BBE-9F85-6A56D60D6AE9}
	EndGlobalSection
EndGlobal
